
Microsoft Visual Studio Solution File, Format Version 12.00
# Visual Studio Version 16
VisualStudioVersion = 16.0.32228.343
MinimumVisualStudioVersion = 10.0.40219.1
Project("{FAE04EC0-301F-11D3-BF4B-00C04F79EFBC}") = "ABCcoachingProject", "ABCcoachingProject\ABCcoachingProject.csproj", "{84F3BA76-2D3C-405A-8305-6C64D356044D}"
EndProject
Global
	GlobalSection(SolutionConfigurationPlatforms) = preSolution
		Debug|Any CPU = Debug|Any CPU
		Release|Any CPU = Release|Any CPU
	EndGlobalSection
	GlobalSection(ProjectConfigurationPlatforms) = postSolution
		{84F3BA76-2D3C-405A-8305-6C64D356044D}.Debug|Any CPU.ActiveCfg = Debug|Any CPU
		{84F3BA76-2D3C-405A-8305-6C64D356044D}.Debug|Any CPU.Build.0 = Debug|Any CPU
		{84F3BA76-2D3C-405A-8305-6C64D356044D}.Release|Any CPU.ActiveCfg = Release|Any CPU
		{84F3BA76-2D3C-405A-8305-6C64D356044D}.Release|Any CPU.Build.0 = Release|Any CPU
	EndGlobalSection
	GlobalSection(SolutionProperties) = preSolution
		HideSolutionNode = FALSE
	EndGlobalSection
	GlobalSection(ExtensibilityGlobals) = postSolution
		SolutionGuid = {995661C8-B5B5-4897-A62A-381C3E9D0005}
	EndGlobalSection
EndGlobal
